Microsoft Visual Studio Solution File, Format Version 12.00
# Visual Studio Version 17
VisualStudioVersion = 17.10.35013.160
MinimumVisualStudioVersion = 15.0.26124.0
Project("{9A19103F-16F7-4668-BE54-9A1E7A4F7556}") = "wc3proxy", "wc3proxy.csproj", "{9799761A-A282-4889-974D-E15AE476B242}"
EndProject
Project("{9A19103F-16F7-4668-BE54-9A1E7A4F7556}") = "wc3proxy-gui", "..\gui\avalonia\wc3proxy-gui.csproj", "{66F0F1D4-35A6-42F9-9319-206AFB632617}"
EndProject
Global
	GlobalSection(SolutionConfigurationPlatforms) = preSolution
		Debug|Any CPU = Debug|Any CPU
		Debug|x64 = Debug|x64
		Debug|x86 = Debug|x86
		Release|Any CPU = Release|Any CPU
		Release|x64 = Release|x64
		Release|x86 = Release|x86
	EndGlobalSection
	GlobalSection(ProjectConfigurationPlatforms) = postSolution
		{9799761A-A282-4889-974D-E15AE476B242}.Debug|Any CPU.ActiveCfg = Debug|Any CPU
		{9799761A-A282-4889-974D-E15AE476B242}.Debug|Any CPU.Build.0 = Debug|Any CPU
		{9799761A-A282-4889-974D-E15AE476B242}.Debug|x64.ActiveCfg = Debug|Any CPU
		{9799761A-A282-4889-974D-E15AE476B242}.Debug|x64.Build.0 = Debug|Any CPU
		{9799761A-A282-4889-974D-E15AE476B242}.Debug|x86.ActiveCfg = Debug|Any CPU
		{9799761A-A282-4889-974D-E15AE476B242}.Debug|x86.Build.0 = Debug|Any CPU
		{9799761A-A282-4889-974D-E15AE476B242}.Release|Any CPU.ActiveCfg = Release|Any CPU
		{9799761A-A282-4889-974D-E15AE476B242}.Release|Any CPU.Build.0 = Release|Any CPU
		{9799761A-A282-4889-974D-E15AE476B242}.Release|x64.ActiveCfg = Release|x64
		{9799761A-A282-4889-974D-E15AE476B242}.Release|x64.Build.0 = Release|x64
		{9799761A-A282-4889-974D-E15AE476B242}.Release|x86.ActiveCfg = Release|x86
		{9799761A-A282-4889-974D-E15AE476B242}.Release|x86.Build.0 = Release|x86
		{66F0F1D4-35A6-42F9-9319-206AFB632617}.Debug|Any CPU.ActiveCfg = Debug|Any CPU
		{66F0F1D4-35A6-42F9-9319-206AFB632617}.Debug|Any CPU.Build.0 = Debug|Any CPU
		{66F0F1D4-35A6-42F9-9319-206AFB632617}.Debug|x64.ActiveCfg = Debug|Any CPU
		{66F0F1D4-35A6-42F9-9319-206AFB632617}.Debug|x64.Build.0 = Debug|Any CPU
		{66F0F1D4-35A6-42F9-9319-206AFB632617}.Debug|x86.ActiveCfg = Debug|Any CPU
		{66F0F1D4-35A6-42F9-9319-206AFB632617}.Debug|x86.Build.0 = Debug|Any CPU
		{66F0F1D4-35A6-42F9-9319-206AFB632617}.Release|Any CPU.ActiveCfg = Release|Any CPU
		{66F0F1D4-35A6-42F9-9319-206AFB632617}.Release|Any CPU.Build.0 = Release|Any CPU
		{66F0F1D4-35A6-42F9-9319-206AFB632617}.Release|x64.ActiveCfg = Release|Any CPU
		{66F0F1D4-35A6-42F9-9319-206AFB632617}.Release|x64.Build.0 = Release|Any CPU
		{66F0F1D4-35A6-42F9-9319-206AFB632617}.Release|x86.ActiveCfg = Release|Any CPU
		{66F0F1D4-35A6-42F9-9319-206AFB632617}.Release|x86.Build.0 = Release|Any CPU
	EndGlobalSection
	GlobalSection(SolutionProperties) = preSolution
		HideSolutionNode = FALSE
	EndGlobalSection
	GlobalSection(ExtensibilityGlobals) = postSolution
		SolutionGuid = {8B9E4A73-4539-476E-8648-62F9F03B5116}
	EndGlobalSection
EndGlobal
